
Microsoft Visual Studio Solution File, Format Version 12.00
# Visual Studio Version 16
VisualStudioVersion = 16.0.31727.386
MinimumVisualStudioVersion = 10.0.40219.1
Project("{FAE04EC0-301F-11D3-BF4B-00C04F79EFBC}") = "MuzikAkademisi", "MuzikAkademisi\MuzikAkademisi.csproj", "{B0829142-F985-4307-99D3-012D52A0BA50}"
EndProject
Project("{FAE04EC0-301F-11D3-BF4B-00C04F79EFBC}") = "MuzikAkademisi.Entities", "MuzikAkademisi.Entities\MuzikAkademisi.Entities.csproj", "{FCBA60C8-1C57-4A6A-ADF8-99A9CDA3979B}"
EndProject
Global
	GlobalSection(SolutionConfigurationPlatforms) = preSolution
		Debug|Any CPU = Debug|Any CPU
		Release|Any CPU = Release|Any CPU
	EndGlobalSection
	GlobalSection(ProjectConfigurationPlatforms) = postSolution
		{B0829142-F985-4307-99D3-012D52A0BA50}.Debug|Any CPU.ActiveCfg = Debug|Any CPU
		{B0829142-F985-4307-99D3-012D52A0BA50}.Debug|Any CPU.Build.0 = Debug|Any CPU
		{B0829142-F985-4307-99D3-012D52A0BA50}.Release|Any CPU.ActiveCfg = Release|Any CPU
		{B0829142-F985-4307-99D3-012D52A0BA50}.Release|Any CPU.Build.0 = Release|Any CPU
		{FCBA60C8-1C57-4A6A-ADF8-99A9CDA3979B}.Debug|Any CPU.ActiveCfg = Debug|Any CPU
		{FCBA60C8-1C57-4A6A-ADF8-99A9CDA3979B}.Debug|Any CPU.Build.0 = Debug|Any CPU
		{FCBA60C8-1C57-4A6A-ADF8-99A9CDA3979B}.Release|Any CPU.ActiveCfg = Release|Any CPU
		{FCBA60C8-1C57-4A6A-ADF8-99A9CDA3979B}.Release|Any CPU.Build.0 = Release|Any CPU
	EndGlobalSection
	GlobalSection(SolutionProperties) = preSolution
		HideSolutionNode = FALSE
	EndGlobalSection
	GlobalSection(ExtensibilityGlobals) = postSolution
		SolutionGuid = {6F9DCF82-B754-412A-81D3-4ABCC73366FD}
	EndGlobalSection
EndGlobal
